
Microsoft Visual Studio Solution File, Format Version 12.00
# Visual Studio Version 16
VisualStudioVersion = 16.0.31129.286
MinimumVisualStudioVersion = 10.0.40219.1
Project("{FAE04EC0-301F-11D3-BF4B-00C04F79EFBC}") = "Formulae.Android", "Formulae\Formulae.Android\Formulae.Android.csproj", "{47BBF52C-9CDB-441F-A3D9-155FE3BF0ABE}"
EndProject
Project("{FAE04EC0-301F-11D3-BF4B-00C04F79EFBC}") = "Formulae.iOS", "Formulae\Formulae.iOS\Formulae.iOS.csproj", "{7CDE6637-52A2-405E-867B-AA9C4E4C2019}"
EndProject
Project("{FAE04EC0-301F-11D3-BF4B-00C04F79EFBC}") = "Formulae", "Formulae\Formulae\Formulae.csproj", "{A89B5EA7-2FE3-4955-B2C8-E38847DB680F}"
EndProject
Global
	GlobalSection(SolutionConfigurationPlatforms) = preSolution
		Debug|Any CPU = Debug|Any CPU
		Debug|iPhone = Debug|iPhone
		Debug|iPhoneSimulator = Debug|iPhoneSimulator
		Release|Any CPU = Release|Any CPU
		Release|iPhone = Release|iPhone
		Release|iPhoneSimulator = Release|iPhoneSimulator
	EndGlobalSection
	GlobalSection(ProjectConfigurationPlatforms) = postSolution
		{47BBF52C-9CDB-441F-A3D9-155FE3BF0ABE}.Debug|Any CPU.ActiveCfg = Debug|Any CPU
		{47BBF52C-9CDB-441F-A3D9-155FE3BF0ABE}.Debug|Any CPU.Build.0 = Debug|Any CPU
		{47BBF52C-9CDB-441F-A3D9-155FE3BF0ABE}.Debug|Any CPU.Deploy.0 = Debug|Any CPU
		{47BBF52C-9CDB-441F-A3D9-155FE3BF0ABE}.Debug|iPhone.ActiveCfg = Debug|Any CPU
		{47BBF52C-9CDB-441F-A3D9-155FE3BF0ABE}.Debug|iPhone.Build.0 = Debug|Any CPU
		{47BBF52C-9CDB-441F-A3D9-155FE3BF0ABE}.Debug|iPhone.Deploy.0 = Debug|Any CPU
		{47BBF52C-9CDB-441F-A3D9-155FE3BF0ABE}.Debug|iPhoneSimulator.ActiveCfg = Debug|Any CPU
		{47BBF52C-9CDB-441F-A3D9-155FE3BF0ABE}.Debug|iPhoneSimulator.Build.0 = Debug|Any CPU
		{47BBF52C-9CDB-441F-A3D9-155FE3BF0ABE}.Debug|iPhoneSimulator.Deploy.0 = Debug|Any CPU
		{47BBF52C-9CDB-441F-A3D9-155FE3BF0ABE}.Release|Any CPU.ActiveCfg = Release|Any CPU
		{47BBF52C-9CDB-441F-A3D9-155FE3BF0ABE}.Release|Any CPU.Build.0 = Release|Any CPU
		{47BBF52C-9CDB-441F-A3D9-155FE3BF0ABE}.Release|Any CPU.Deploy.0 = Release|Any CPU
		{47BBF52C-9CDB-441F-A3D9-155FE3BF0ABE}.Release|iPhone.ActiveCfg = Release|Any CPU
		{47BBF52C-9CDB-441F-A3D9-155FE3BF0ABE}.Release|iPhone.Build.0 = Release|Any CPU
		{47BBF52C-9CDB-441F-A3D9-155FE3BF0ABE}.Release|iPhone.Deploy.0 = Release|Any CPU
		{47BBF52C-9CDB-441F-A3D9-155FE3BF0ABE}.Release|iPhoneSimulator.ActiveCfg = Release|Any CPU
		{47BBF52C-9CDB-441F-A3D9-155FE3BF0ABE}.Release|iPhoneSimulator.Build.0 = Release|Any CPU
		{47BBF52C-9CDB-441F-A3D9-155FE3BF0ABE}.Release|iPhoneSimulator.Deploy.0 = Release|Any CPU
		{7CDE6637-52A2-405E-867B-AA9C4E4C2019}.Debug|Any CPU.ActiveCfg = Debug|iPhone
		{7CDE6637-52A2-405E-867B-AA9C4E4C2019}.Debug|Any CPU.Build.0 = Debug|iPhone
		{7CDE6637-52A2-405E-867B-AA9C4E4C2019}.Debug|Any CPU.Deploy.0 = Debug|iPhone
		{7CDE6637-52A2-405E-867B-AA9C4E4C2019}.Debug|iPhone.ActiveCfg = Debug|iPhone
		{7CDE6637-52A2-405E-867B-AA9C4E4C2019}.Debug|iPhone.Build.0 = Debug|iPhone
		{7CDE6637-52A2-405E-867B-AA9C4E4C2019}.Debug|iPhone.Deploy.0 = Debug|iPhone
		{7CDE6637-52A2-405E-867B-AA9C4E4C2019}.Debug|iPhoneSimulator.ActiveCfg = Debug|iPhoneSimulator
		{7CDE6637-52A2-405E-867B-AA9C4E4C2019}.Debug|iPhoneSimulator.Build.0 = Debug|iPhoneSimulator
		{7CDE6637-52A2-405E-867B-AA9C4E4C2019}.Debug|iPhoneSimulator.Deploy.0 = Debug|iPhoneSimulator
		{7CDE6637-52A2-405E-867B-AA9C4E4C2019}.Release|Any CPU.ActiveCfg = Release|iPhoneSimulator
		{7CDE6637-52A2-405E-867B-AA9C4E4C2019}.Release|Any CPU.Build.0 = Release|iPhoneSimulator
		{7CDE6637-52A2-405E-867B-AA9C4E4C2019}.Release|Any CPU.Deploy.0 = Release|iPhoneSimulator
		{7CDE6637-52A2-405E-867B-AA9C4E4C2019}.Release|iPhone.ActiveCfg = Release|iPhone
		{7CDE6637-52A2-405E-867B-AA9C4E4C2019}.Release|iPhone.Build.0 = Release|iPhone
		{7CDE6637-52A2-405E-867B-AA9C4E4C2019}.Release|iPhone.Deploy.0 = Release|iPhone
		{7CDE6637-52A2-405E-867B-AA9C4E4C2019}.Release|iPhoneSimulator.ActiveCfg = Release|iPhoneSimulator
		{7CDE6637-52A2-405E-867B-AA9C4E4C2019}.Release|iPhoneSimulator.Build.0 = Release|iPhoneSimulator
		{7CDE6637-52A2-405E-867B-AA9C4E4C2019}.Release|iPhoneSimulator.Deploy.0 = Release|iPhoneSimulator
		{A89B5EA7-2FE3-4955-B2C8-E38847DB680F}.Debug|Any CPU.ActiveCfg = Debug|Any CPU
		{A89B5EA7-2FE3-4955-B2C8-E38847DB680F}.Debug|Any CPU.Build.0 = Debug|Any CPU
		{A89B5EA7-2FE3-4955-B2C8-E38847DB680F}.Debug|Any CPU.Deploy.0 = Debug|Any CPU
		{A89B5EA7-2FE3-4955-B2C8-E38847DB680F}.Debug|iPhone.ActiveCfg = Debug|Any CPU
		{A89B5EA7-2FE3-4955-B2C8-E38847DB680F}.Debug|iPhone.Build.0 = Debug|Any CPU
		{A89B5EA7-2FE3-4955-B2C8-E38847DB680F}.Debug|iPhone.Deploy.0 = Debug|Any CPU
		{A89B5EA7-2FE3-4955-B2C8-E38847DB680F}.Debug|iPhoneSimulator.ActiveCfg = Debug|Any CPU
		{A89B5EA7-2FE3-4955-B2C8-E38847DB680F}.Debug|iPhoneSimulator.Build.0 = Debug|Any CPU
		{A89B5EA7-2FE3-4955-B2C8-E38847DB680F}.Debug|iPhoneSimulator.Deploy.0 = Debug|Any CPU
		{A89B5EA7-2FE3-4955-B2C8-E38847DB680F}.Release|Any CPU.ActiveCfg = Release|Any CPU
		{A89B5EA7-2FE3-4955-B2C8-E38847DB680F}.Release|Any CPU.Build.0 = Release|Any CPU
		{A89B5EA7-2FE3-4955-B2C8-E38847DB680F}.Release|Any CPU.Deploy.0 = Release|Any CPU
		{A89B5EA7-2FE3-4955-B2C8-E38847DB680F}.Release|iPhone.ActiveCfg = Release|Any CPU
		{A89B5EA7-2FE3-4955-B2C8-E38847DB680F}.Release|iPhone.Build.0 = Release|Any CPU
		{A89B5EA7-2FE3-4955-B2C8-E38847DB680F}.Release|iPhone.Deploy.0 = Release|Any CPU
		{A89B5EA7-2FE3-4955-B2C8-E38847DB680F}.Release|iPhoneSimulator.ActiveCfg = Release|Any CPU
		{A89B5EA7-2FE3-4955-B2C8-E38847DB680F}.Release|iPhoneSimulator.Build.0 = Release|Any CPU
		{A89B5EA7-2FE3-4955-B2C8-E38847DB680F}.Release|iPhoneSimulator.Deploy.0 = Release|Any CPU
	EndGlobalSection
	GlobalSection(SolutionProperties) = preSolution
		HideSolutionNode = FALSE
	EndGlobalSection
	GlobalSection(ExtensibilityGlobals) = postSolution
		SolutionGuid = {7C939F4C-CFEE-4B2C-B2BF-4A42D115E5A7}
	EndGlobalSection
EndGlobal
